
Microsoft Visual Studio Solution File, Format Version 12.00
# Visual Studio 15
VisualStudioVersion = 15.0.27703.2047
MinimumVisualStudioVersion = 10.0.40219.1
Project("{FAE04EC0-301F-11D3-BF4B-00C04F79EFBC}") = "Delegate", "CSharpAdvancedMoshCourse\Delegate.csproj", "{A30AA2FC-51DB-461A-BF4A-799D1E309F3D}"
EndProject
Project("{FAE04EC0-301F-11D3-BF4B-00C04F79EFBC}") = "LambdaExpression", "LambdaExpression\LambdaExpression.csproj", "{F2914069-9D8C-4437-99B8-D32067792F9C}"
EndProject
Project("{FAE04EC0-301F-11D3-BF4B-00C04F79EFBC}") = "EventsAndDelegates", "EventsAndDelegates\EventsAndDelegates.csproj", "{65DAD008-D9E7-4169-9677-192598BEFDC2}"
EndProject
Project("{FAE04EC0-301F-11D3-BF4B-00C04F79EFBC}") = "ExtensionMethods", "ExtensionMethods\ExtensionMethods.csproj", "{8D390580-AA2E-49DE-84F0-4FF01C1E730F}"
EndProject
Project("{FAE04EC0-301F-11D3-BF4B-00C04F79EFBC}") = "ExceptionHandling", "ExceptionHandling\ExceptionHandling.csproj", "{BF747E89-C0A1-465A-A373-F6A5918EE65B}"
EndProject
Project("{FAE04EC0-301F-11D3-BF4B-00C04F79EFBC}") = "Debugging", "Debugging\Debugging.csproj", "{EDA29467-78D6-4E17-95C1-A6D16C658B21}"
EndProject
Global
	GlobalSection(SolutionConfigurationPlatforms) = preSolution
		Debug|Any CPU = Debug|Any CPU
		Release|Any CPU = Release|Any CPU
	EndGlobalSection
	GlobalSection(ProjectConfigurationPlatforms) = postSolution
		{A30AA2FC-51DB-461A-BF4A-799D1E309F3D}.Debug|Any CPU.ActiveCfg = Debug|Any CPU
		{A30AA2FC-51DB-461A-BF4A-799D1E309F3D}.Debug|Any CPU.Build.0 = Debug|Any CPU
		{A30AA2FC-51DB-461A-BF4A-799D1E309F3D}.Release|Any CPU.ActiveCfg = Release|Any CPU
		{A30AA2FC-51DB-461A-BF4A-799D1E309F3D}.Release|Any CPU.Build.0 = Release|Any CPU
		{F2914069-9D8C-4437-99B8-D32067792F9C}.Debug|Any CPU.ActiveCfg = Debug|Any CPU
		{F2914069-9D8C-4437-99B8-D32067792F9C}.Debug|Any CPU.Build.0 = Debug|Any CPU
		{F2914069-9D8C-4437-99B8-D32067792F9C}.Release|Any CPU.ActiveCfg = Release|Any CPU
		{F2914069-9D8C-4437-99B8-D32067792F9C}.Release|Any CPU.Build.0 = Release|Any CPU
		{65DAD008-D9E7-4169-9677-192598BEFDC2}.Debug|Any CPU.ActiveCfg = Debug|Any CPU
		{65DAD008-D9E7-4169-9677-192598BEFDC2}.Debug|Any CPU.Build.0 = Debug|Any CPU
		{65DAD008-D9E7-4169-9677-192598BEFDC2}.Release|Any CPU.ActiveCfg = Release|Any CPU
		{65DAD008-D9E7-4169-9677-192598BEFDC2}.Release|Any CPU.Build.0 = Release|Any CPU
		{8D390580-AA2E-49DE-84F0-4FF01C1E730F}.Debug|Any CPU.ActiveCfg = Debug|Any CPU
		{8D390580-AA2E-49DE-84F0-4FF01C1E730F}.Debug|Any CPU.Build.0 = Debug|Any CPU
		{8D390580-AA2E-49DE-84F0-4FF01C1E730F}.Release|Any CPU.ActiveCfg = Release|Any CPU
		{8D390580-AA2E-49DE-84F0-4FF01C1E730F}.Release|Any CPU.Build.0 = Release|Any CPU
		{BF747E89-C0A1-465A-A373-F6A5918EE65B}.Debug|Any CPU.ActiveCfg = Debug|Any CPU
		{BF747E89-C0A1-465A-A373-F6A5918EE65B}.Debug|Any CPU.Build.0 = Debug|Any CPU
		{BF747E89-C0A1-465A-A373-F6A5918EE65B}.Release|Any CPU.ActiveCfg = Release|Any CPU
		{BF747E89-C0A1-465A-A373-F6A5918EE65B}.Release|Any CPU.Build.0 = Release|Any CPU
		{EDA29467-78D6-4E17-95C1-A6D16C658B21}.Debug|Any CPU.ActiveCfg = Debug|Any CPU
		{EDA29467-78D6-4E17-95C1-A6D16C658B21}.Debug|Any CPU.Build.0 = Debug|Any CPU
		{EDA29467-78D6-4E17-95C1-A6D16C658B21}.Release|Any CPU.ActiveCfg = Release|Any CPU
		{EDA29467-78D6-4E17-95C1-A6D16C658B21}.Release|Any CPU.Build.0 = Release|Any CPU
	EndGlobalSection
	GlobalSection(SolutionProperties) = preSolution
		HideSolutionNode = FALSE
	EndGlobalSection
	GlobalSection(ExtensibilityGlobals) = postSolution
		SolutionGuid = {937905FA-B409-4B44-AA64-508E2936B9D7}
	EndGlobalSection
EndGlobal
