
Microsoft Visual Studio Solution File, Format Version 12.00
# Visual Studio 15
VisualStudioVersion = 15.0.27703.2047
MinimumVisualStudioVersion = 10.0.40219.1
Project("{FAE04EC0-301F-11D3-BF4B-00C04F79EFBC}") = "CSharpAdvancedMoshCourse", "CSharpAdvancedMoshCourse\CSharpAdvancedMoshCourse.csproj", "{A30AA2FC-51DB-461A-BF4A-799D1E309F3D}"
EndProject
Global
	GlobalSection(SolutionConfigurationPlatforms) = preSolution
		Debug|Any CPU = Debug|Any CPU
		Release|Any CPU = Release|Any CPU
	EndGlobalSection
	GlobalSection(ProjectConfigurationPlatforms) = postSolution
		{A30AA2FC-51DB-461A-BF4A-799D1E309F3D}.Debug|Any CPU.ActiveCfg = Debug|Any CPU
		{A30AA2FC-51DB-461A-BF4A-799D1E309F3D}.Debug|Any CPU.Build.0 = Debug|Any CPU
		{A30AA2FC-51DB-461A-BF4A-799D1E309F3D}.Release|Any CPU.ActiveCfg = Release|Any CPU
		{A30AA2FC-51DB-461A-BF4A-799D1E309F3D}.Release|Any CPU.Build.0 = Release|Any CPU
	EndGlobalSection
	GlobalSection(SolutionProperties) = preSolution
		HideSolutionNode = FALSE
	EndGlobalSection
	GlobalSection(ExtensibilityGlobals) = postSolution
		SolutionGuid = {937905FA-B409-4B44-AA64-508E2936B9D7}
	EndGlobalSection
EndGlobal
